
Microsoft Visual Studio Solution File, Format Version 12.00
# Visual Studio Version 16
VisualStudioVersion = 16.0.30711.63
MinimumVisualStudioVersion = 10.0.40219.1
Project("{2150E333-8FDC-42A3-9474-1A3956D46DE8}") = "Solution Items", "Solution Items", "{52661704-4B1A-4143-B884-705315FD770D}"
	ProjectSection(SolutionItems) = preProject
		.env = .env
		bot.js = bot.js
		package.json = package.json
	EndProjectSection
EndProject
Global
	GlobalSection(SolutionProperties) = preSolution
		HideSolutionNode = FALSE
	EndGlobalSection
	GlobalSection(ExtensibilityGlobals) = postSolution
		SolutionGuid = {EBED1387-70E0-41C2-AF1C-7EA5AB94D6CC}
	EndGlobalSection
EndGlobal
